
Microsoft Visual Studio Solution File, Format Version 12.00
# Visual Studio Version 16
VisualStudioVersion = 16.0.29911.84
MinimumVisualStudioVersion = 10.0.40219.1
Project("{FAE04EC0-301F-11D3-BF4B-00C04F79EFBC}") = "WindowsFormsProject", "WindowsFormsProject.csproj", "{020E1CD9-F57D-428A-9537-470CEEC67B18}"
EndProject
Global
	GlobalSection(SolutionConfigurationPlatforms) = preSolution
		Debug|Any CPU = Debug|Any CPU
		Release|Any CPU = Release|Any CPU
	EndGlobalSection
	GlobalSection(ProjectConfigurationPlatforms) = postSolution
		{020E1CD9-F57D-428A-9537-470CEEC67B18}.Debug|Any CPU.ActiveCfg = Debug|Any CPU
		{020E1CD9-F57D-428A-9537-470CEEC67B18}.Debug|Any CPU.Build.0 = Debug|Any CPU
		{020E1CD9-F57D-428A-9537-470CEEC67B18}.Release|Any CPU.ActiveCfg = Release|Any CPU
		{020E1CD9-F57D-428A-9537-470CEEC67B18}.Release|Any CPU.Build.0 = Release|Any CPU
	EndGlobalSection
	GlobalSection(SolutionProperties) = preSolution
		HideSolutionNode = FALSE
	EndGlobalSection
	GlobalSection(ExtensibilityGlobals) = postSolution
		SolutionGuid = {2F153554-3084-443A-A6C4-A5B6985F676D}
	EndGlobalSection
EndGlobal
